{
  "originHash" : "de69c7076c00501eb50568a55368e6f6ae08dc4239f41e20e2dd554879ea50f5",
  "pins" : [
    {
      "identity" : "lumina",
      "kind" : "remoteSourceControl",
      "location" : "https://github.com/dokun1/Lumina.git",
      "state" : {
        "revision" : "fd560866d53ab8be43e655c55cf4b2f9fcaddf4a",
        "version" : "1.6.2"
      }
    },
    {
      "identity" : "okta-mobile-swift",
      "kind" : "remoteSourceControl",
      "location" : "https://github.com/okta/okta-mobile-swift",
      "state" : {
        "revision" : "57dc83be135719ac5c71602a233475c672e782c4",
        "version" : "2.1.0"
      }
    },
    {
      "identity" : "swift-log",
      "kind" : "remoteSourceControl",
      "location" : "https://github.com/apple/swift-log",
      "state" : {
        "revision" : "3d8596ed08bd13520157f0355e35caed215ffbfa",
        "version" : "1.6.3"
      }
    }
  ],
  "version" : 3
}
