{
  "originHash" : "e136cc7dbf8261f780814fb07dfe342c08ce8cf4c12e418980c307153f172690",
  "pins" : [
    {
      "identity" : "okta-mobile-swift",
      "kind" : "remoteSourceControl",
      "location" : "https://github.com/okta/okta-mobile-swift",
      "state" : {
        "revision" : "1aa3504ab1deefb9ba50bb2d509cea3f349b7ded",
        "version" : "1.4.3"
      }
    }
  ],
  "version" : 3
}
