// !$*UTF8*$!
{
	archiveVersion = 1;
	classes = {
	};
	objectVersion = 77;
	objects = {

/* Begin PBXBuildFile section */
		C1E41B012E2FE01900659C8C /* AuthFoundation in Frameworks */ = {isa = PBXBuildFile; productRef = C1E41B002E2FE01900659C8C /* AuthFoundation */; };
		C1E41B032E2FE01900659C8C /* BrowserSignin in Frameworks */ = {isa = PBXBuildFile; productRef = C1E41B022E2FE01900659C8C /* BrowserSignin */; };
		C1E41B052E2FE01900659C8C /* OAuth2Auth in Frameworks */ = {isa = PBXBuildFile; productRef = C1E41B042E2FE01900659C8C /* OAuth2Auth */; };
		C1E41B072E2FE01900659C8C /* OktaDirectAuth in Frameworks */ = {isa = PBXBuildFile; productRef = C1E41B062E2FE01900659C8C /* OktaDirectAuth */; };
		C1E41B092E2FE01900659C8C /* OktaIdxAuth in Frameworks */ = {isa = PBXBuildFile; productRef = C1E41B082E2FE01900659C8C /* OktaIdxAuth */; };
		C1E41B0F2E30153500659C8C /* Lumina in Frameworks */ = {isa = PBXBuildFile; productRef = C1E41B0E2E30153500659C8C /* Lumina */; };
		C1E41B132E3026E900659C8C /* Lumina in Frameworks */ = {isa = PBXBuildFile; productRef = C1E41B122E3026E900659C8C /* Lumina */; };
/* End PBXBuildFile section */

/* Begin PBXCopyFilesBuildPhase section */
		C1C1CA7D2E2AD7DB0023F149 /* Embed Frameworks */ = {
			isa = PBXCopyFilesBuildPhase;
			buildActionMask = 2147483647;
			dstPath = "";
			dstSubfolderSpec = 10;
			files = (
			);
			name = "Embed Frameworks";
			runOnlyForDeploymentPostprocessing = 0;
		};
		C1E41AE32E2F0A9C00659C8C /* Embed Frameworks */ = {
			isa = PBXCopyFilesBuildPhase;
			buildActionMask = 2147483647;
			dstPath = "";
			dstSubfolderSpec = 10;
			files = (
			);
			name = "Embed Frameworks";
			runOnlyForDeploymentPostprocessing = 0;
		};
/* End PBXCopyFilesBuildPhase section */

/* Begin PBXFileReference section */
		C1C1CA682E2AD6BB0023F149 /* TruKYCDemo.app */ = {isa = PBXFileReference; explicitFileType = wrapper.application; includeInIndex = 0; path = TruKYCDemo.app; sourceTree = BUILT_PRODUCTS_DIR; };
		C1E41A942E2F04F100659C8C /* TruKYCOkta.app */ = {isa = PBXFileReference; explicitFileType = wrapper.application; includeInIndex = 0; path = TruKYCOkta.app; sourceTree = BUILT_PRODUCTS_DIR; };
/* End PBXFileReference section */

/* Begin PBXFileSystemSynchronizedBuildFileExceptionSet section */
		C1C1CA862E2AD9C10023F149 /* Exceptions for "TruKYCDemo" folder in "TruKYCDemo" target */ = {
			isa = PBXFileSystemSynchronizedBuildFileExceptionSet;
			membershipExceptions = (
				Info.plist,
			);
			target = C1C1CA672E2AD6BB0023F149 /* TruKYCDemo */;
		};
/* End PBXFileSystemSynchronizedBuildFileExceptionSet section */

/* Begin PBXFileSystemSynchronizedGroupBuildPhaseMembershipExceptionSet section */
		C1E41A7F2E2F01D200659C8C /* Exceptions for "TruKYCDemo" folder in "Embed Frameworks" phase from "TruKYCDemo" target */ = {
			isa = PBXFileSystemSynchronizedGroupBuildPhaseMembershipExceptionSet;
			attributesByRelativePath = {
				Frameworks/Dist.framework = (CodeSignOnCopy, RemoveHeadersOnCopy, );
			};
			buildPhase = C1C1CA7D2E2AD7DB0023F149 /* Embed Frameworks */;
			membershipExceptions = (
				Frameworks/Dist.framework,
			);
		};
		C1E41AE42E2F0A9C00659C8C /* Exceptions for "TruKYCOkta" folder in "Embed Frameworks" phase from "TruKYCOkta" target */ = {
			isa = PBXFileSystemSynchronizedGroupBuildPhaseMembershipExceptionSet;
			attributesByRelativePath = {
				Frameworks/Dist.framework = (CodeSignOnCopy, RemoveHeadersOnCopy, );
			};
			buildPhase = C1E41AE32E2F0A9C00659C8C /* Embed Frameworks */;
			membershipExceptions = (
				Frameworks/Dist.framework,
			);
		};
/* End PBXFileSystemSynchronizedGroupBuildPhaseMembershipExceptionSet section */

/* Begin PBXFileSystemSynchronizedRootGroup section */
		C1C1CA6A2E2AD6BB0023F149 /* TruKYCDemo */ = {
			isa = PBXFileSystemSynchronizedRootGroup;
			exceptions = (
				C1C1CA862E2AD9C10023F149 /* Exceptions for "TruKYCDemo" folder in "TruKYCDemo" target */,
				C1E41A7F2E2F01D200659C8C /* Exceptions for "TruKYCDemo" folder in "Embed Frameworks" phase from "TruKYCDemo" target */,
			);
			path = TruKYCDemo;
			sourceTree = "<group>";
		};
		C1E41A952E2F04F100659C8C /* TruKYCOkta */ = {
			isa = PBXFileSystemSynchronizedRootGroup;
			exceptions = (
				C1E41AE42E2F0A9C00659C8C /* Exceptions for "TruKYCOkta" folder in "Embed Frameworks" phase from "TruKYCOkta" target */,
			);
			path = TruKYCOkta;
			sourceTree = "<group>";
		};
/* End PBXFileSystemSynchronizedRootGroup section */

/* Begin PBXFrameworksBuildPhase section */
		C1C1CA652E2AD6BB0023F149 /* Frameworks */ = {
			isa = PBXFrameworksBuildPhase;
			buildActionMask = 2147483647;
			files = (
				C1E41B0F2E30153500659C8C /* Lumina in Frameworks */,
			);
			runOnlyForDeploymentPostprocessing = 0;
		};
		C1E41A912E2F04F100659C8C /* Frameworks */ = {
			isa = PBXFrameworksBuildPhase;
			buildActionMask = 2147483647;
			files = (
				C1E41B132E3026E900659C8C /* Lumina in Frameworks */,
				C1E41B092E2FE01900659C8C /* OktaIdxAuth in Frameworks */,
				C1E41B012E2FE01900659C8C /* AuthFoundation in Frameworks */,
				C1E41B032E2FE01900659C8C /* BrowserSignin in Frameworks */,
				C1E41B072E2FE01900659C8C /* OktaDirectAuth in Frameworks */,
				C1E41B052E2FE01900659C8C /* OAuth2Auth in Frameworks */,
			);
			runOnlyForDeploymentPostprocessing = 0;
		};
/* End PBXFrameworksBuildPhase section */

/* Begin PBXGroup section */
		C1C1CA5F2E2AD6BB0023F149 = {
			isa = PBXGroup;
			children = (
				C1C1CA6A2E2AD6BB0023F149 /* TruKYCDemo */,
				C1E41A952E2F04F100659C8C /* TruKYCOkta */,
				C1E41AEC2E2F0B5F00659C8C /* Frameworks */,
				C1C1CA692E2AD6BB0023F149 /* Products */,
			);
			sourceTree = "<group>";
		};
		C1C1CA692E2AD6BB0023F149 /* Products */ = {
			isa = PBXGroup;
			children = (
				C1C1CA682E2AD6BB0023F149 /* TruKYCDemo.app */,
				C1E41A942E2F04F100659C8C /* TruKYCOkta.app */,
			);
			name = Products;
			sourceTree = "<group>";
		};
		C1E41AEC2E2F0B5F00659C8C /* Frameworks */ = {
			isa = PBXGroup;
			children = (
			);
			name = Frameworks;
			sourceTree = "<group>";
		};
/* End PBXGroup section */

/* Begin PBXNativeTarget section */
		C1C1CA672E2AD6BB0023F149 /* TruKYCDemo */ = {
			isa = PBXNativeTarget;
			buildConfigurationList = C1C1CA732E2AD6BE0023F149 /* Build configuration list for PBXNativeTarget "TruKYCDemo" */;
			buildPhases = (
				C1C1CA642E2AD6BB0023F149 /* Sources */,
				C1C1CA652E2AD6BB0023F149 /* Frameworks */,
				C1C1CA662E2AD6BB0023F149 /* Resources */,
				C1C1CA7D2E2AD7DB0023F149 /* Embed Frameworks */,
			);
			buildRules = (
			);
			dependencies = (
			);
			fileSystemSynchronizedGroups = (
				C1C1CA6A2E2AD6BB0023F149 /* TruKYCDemo */,
			);
			name = TruKYCDemo;
			packageProductDependencies = (
				C1E41B0E2E30153500659C8C /* Lumina */,
			);
			productName = TruKYCDemo;
			productReference = C1C1CA682E2AD6BB0023F149 /* TruKYCDemo.app */;
			productType = "com.apple.product-type.application";
		};
		C1E41A932E2F04F100659C8C /* TruKYCOkta */ = {
			isa = PBXNativeTarget;
			buildConfigurationList = C1E41A9E2E2F04F300659C8C /* Build configuration list for PBXNativeTarget "TruKYCOkta" */;
			buildPhases = (
				C1E41A902E2F04F100659C8C /* Sources */,
				C1E41A912E2F04F100659C8C /* Frameworks */,
				C1E41A922E2F04F100659C8C /* Resources */,
				C1E41AE32E2F0A9C00659C8C /* Embed Frameworks */,
			);
			buildRules = (
			);
			dependencies = (
			);
			fileSystemSynchronizedGroups = (
				C1E41A952E2F04F100659C8C /* TruKYCOkta */,
			);
			name = TruKYCOkta;
			packageProductDependencies = (
				C1E41B002E2FE01900659C8C /* AuthFoundation */,
				C1E41B022E2FE01900659C8C /* BrowserSignin */,
				C1E41B042E2FE01900659C8C /* OAuth2Auth */,
				C1E41B062E2FE01900659C8C /* OktaDirectAuth */,
				C1E41B082E2FE01900659C8C /* OktaIdxAuth */,
				C1E41B122E3026E900659C8C /* Lumina */,
			);
			productName = TruKYCOkta;
			productReference = C1E41A942E2F04F100659C8C /* TruKYCOkta.app */;
			productType = "com.apple.product-type.application";
		};
/* End PBXNativeTarget section */

/* Begin PBXProject section */
		C1C1CA602E2AD6BB0023F149 /* Project object */ = {
			isa = PBXProject;
			attributes = {
				BuildIndependentTargetsInParallel = 1;
				LastSwiftUpdateCheck = 1630;
				LastUpgradeCheck = 1630;
				TargetAttributes = {
					C1C1CA672E2AD6BB0023F149 = {
						CreatedOnToolsVersion = 16.3;
					};
					C1E41A932E2F04F100659C8C = {
						CreatedOnToolsVersion = 16.3;
					};
				};
			};
			buildConfigurationList = C1C1CA632E2AD6BB0023F149 /* Build configuration list for PBXProject "TruKYCDemo" */;
			developmentRegion = en;
			hasScannedForEncodings = 0;
			knownRegions = (
				en,
				Base,
			);
			mainGroup = C1C1CA5F2E2AD6BB0023F149;
			minimizedProjectReferenceProxies = 1;
			packageReferences = (
				C1E41AFF2E2FE01900659C8C /* XCRemoteSwiftPackageReference "okta-mobile-swift" */,
				C1E41B0D2E30153500659C8C /* XCRemoteSwiftPackageReference "Lumina" */,
			);
			preferredProjectObjectVersion = 77;
			productRefGroup = C1C1CA692E2AD6BB0023F149 /* Products */;
			projectDirPath = "";
			projectRoot = "";
			targets = (
				C1C1CA672E2AD6BB0023F149 /* TruKYCDemo */,
				C1E41A932E2F04F100659C8C /* TruKYCOkta */,
			);
		};
/* End PBXProject section */

/* Begin PBXResourcesBuildPhase section */
		C1C1CA662E2AD6BB0023F149 /* Resources */ = {
			isa = PBXResourcesBuildPhase;
			buildActionMask = 2147483647;
			files = (
			);
			runOnlyForDeploymentPostprocessing = 0;
		};
		C1E41A922E2F04F100659C8C /* Resources */ = {
			isa = PBXResourcesBuildPhase;
			buildActionMask = 2147483647;
			files = (
			);
			runOnlyForDeploymentPostprocessing = 0;
		};
/* End PBXResourcesBuildPhase section */

/* Begin PBXSourcesBuildPhase section */
		C1C1CA642E2AD6BB0023F149 /* Sources */ = {
			isa = PBXSourcesBuildPhase;
			buildActionMask = 2147483647;
			files = (
			);
			runOnlyForDeploymentPostprocessing = 0;
		};
		C1E41A902E2F04F100659C8C /* Sources */ = {
			isa = PBXSourcesBuildPhase;
			buildActionMask = 2147483647;
			files = (
			);
			runOnlyForDeploymentPostprocessing = 0;
		};
/* End PBXSourcesBuildPhase section */

/* Begin XCBuildConfiguration section */
		C1C1CA712E2AD6BE0023F149 /* Debug */ = {
			isa = XCBuildConfiguration;
			buildSettings = {
				ALWAYS_SEARCH_USER_PATHS = NO;
				ASSETCATALOG_COMPILER_GENERATE_SWIFT_ASSET_SYMBOL_EXTENSIONS = YES;
				CLANG_ANALYZER_NONNULL = YES;
				CLANG_ANALYZER_NUMBER_OBJECT_CONVERSION = YES_AGGRESSIVE;
				CLANG_CXX_LANGUAGE_STANDARD = "gnu++20";
				CLANG_ENABLE_MODULES = YES;
				CLANG_ENABLE_OBJC_ARC = YES;
				CLANG_ENABLE_OBJC_WEAK = YES;
				CLANG_WARN_BLOCK_CAPTURE_AUTORELEASING = YES;
				CLANG_WARN_BOOL_CONVERSION = YES;
				CLANG_WARN_COMMA = YES;
				CLANG_WARN_CONSTANT_CONVERSION = YES;
				CLANG_WARN_DEPRECATED_OBJC_IMPLEMENTATIONS = YES;
				CLANG_WARN_DIRECT_OBJC_ISA_USAGE = YES_ERROR;
				CLANG_WARN_DOCUMENTATION_COMMENTS = YES;
				CLANG_WARN_EMPTY_BODY = YES;
				CLANG_WARN_ENUM_CONVERSION = YES;
				CLANG_WARN_INFINITE_RECURSION = YES;
				CLANG_WARN_INT_CONVERSION = YES;
				CLANG_WARN_NON_LITERAL_NULL_CONVERSION = YES;
				CLANG_WARN_OBJC_IMPLICIT_RETAIN_SELF = YES;
				CLANG_WARN_OBJC_LITERAL_CONVERSION = YES;
				CLANG_WARN_OBJC_ROOT_CLASS = YES_ERROR;
				CLANG_WARN_QUOTED_INCLUDE_IN_FRAMEWORK_HEADER = YES;
				CLANG_WARN_RANGE_LOOP_ANALYSIS = YES;
				CLANG_WARN_STRICT_PROTOTYPES = YES;
				CLANG_WARN_SUSPICIOUS_MOVE = YES;
				CLANG_WARN_UNGUARDED_AVAILABILITY = YES_AGGRESSIVE;
				CLANG_WARN_UNREACHABLE_CODE = YES;
				CLANG_WARN__DUPLICATE_METHOD_MATCH = YES;
				COPY_PHASE_STRIP = NO;
				DEBUG_INFORMATION_FORMAT = dwarf;
				DEVELOPMENT_TEAM = 33BJ727SMS;
				ENABLE_STRICT_OBJC_MSGSEND = YES;
				ENABLE_TESTABILITY = YES;
				ENABLE_USER_SCRIPT_SANDBOXING = YES;
				GCC_C_LANGUAGE_STANDARD = gnu17;
				GCC_DYNAMIC_NO_PIC = NO;
				GCC_NO_COMMON_BLOCKS = YES;
				GCC_OPTIMIZATION_LEVEL = 0;
				GCC_PREPROCESSOR_DEFINITIONS = (
					"DEBUG=1",
					"$(inherited)",
				);
				GCC_WARN_64_TO_32_BIT_CONVERSION = YES;
				GCC_WARN_ABOUT_RETURN_TYPE = YES_ERROR;
				GCC_WARN_UNDECLARED_SELECTOR = YES;
				GCC_WARN_UNINITIALIZED_AUTOS = YES_AGGRESSIVE;
				GCC_WARN_UNUSED_FUNCTION = YES;
				GCC_WARN_UNUSED_VARIABLE = YES;
				IPHONEOS_DEPLOYMENT_TARGET = 18.4;
				LOCALIZATION_PREFERS_STRING_CATALOGS = YES;
				MTL_ENABLE_DEBUG_INFO = INCLUDE_SOURCE;
				MTL_FAST_MATH = YES;
				ONLY_ACTIVE_ARCH = YES;
				SDKROOT = iphoneos;
				SWIFT_ACTIVE_COMPILATION_CONDITIONS = "DEBUG $(inherited)";
				SWIFT_OPTIMIZATION_LEVEL = "-Onone";
			};
			name = Debug;
		};
		C1C1CA722E2AD6BE0023F149 /* Release */ = {
			isa = XCBuildConfiguration;
			buildSettings = {
				ALWAYS_SEARCH_USER_PATHS = NO;
				ASSETCATALOG_COMPILER_GENERATE_SWIFT_ASSET_SYMBOL_EXTENSIONS = YES;
				CLANG_ANALYZER_NONNULL = YES;
				CLANG_ANALYZER_NUMBER_OBJECT_CONVERSION = YES_AGGRESSIVE;
				CLANG_CXX_LANGUAGE_STANDARD = "gnu++20";
				CLANG_ENABLE_MODULES = YES;
				CLANG_ENABLE_OBJC_ARC = YES;
				CLANG_ENABLE_OBJC_WEAK = YES;
				CLANG_WARN_BLOCK_CAPTURE_AUTORELEASING = YES;
				CLANG_WARN_BOOL_CONVERSION = YES;
				CLANG_WARN_COMMA = YES;
				CLANG_WARN_CONSTANT_CONVERSION = YES;
				CLANG_WARN_DEPRECATED_OBJC_IMPLEMENTATIONS = YES;
				CLANG_WARN_DIRECT_OBJC_ISA_USAGE = YES_ERROR;
				CLANG_WARN_DOCUMENTATION_COMMENTS = YES;
				CLANG_WARN_EMPTY_BODY = YES;
				CLANG_WARN_ENUM_CONVERSION = YES;
				CLANG_WARN_INFINITE_RECURSION = YES;
				CLANG_WARN_INT_CONVERSION = YES;
				CLANG_WARN_NON_LITERAL_NULL_CONVERSION = YES;
				CLANG_WARN_OBJC_IMPLICIT_RETAIN_SELF = YES;
				CLANG_WARN_OBJC_LITERAL_CONVERSION = YES;
				CLANG_WARN_OBJC_ROOT_CLASS = YES_ERROR;
				CLANG_WARN_QUOTED_INCLUDE_IN_FRAMEWORK_HEADER = YES;
				CLANG_WARN_RANGE_LOOP_ANALYSIS = YES;
				CLANG_WARN_STRICT_PROTOTYPES = YES;
				CLANG_WARN_SUSPICIOUS_MOVE = YES;
				CLANG_WARN_UNGUARDED_AVAILABILITY = YES_AGGRESSIVE;
				CLANG_WARN_UNREACHABLE_CODE = YES;
				CLANG_WARN__DUPLICATE_METHOD_MATCH = YES;
				COPY_PHASE_STRIP = NO;
				DEBUG_INFORMATION_FORMAT = "dwarf-with-dsym";
				DEVELOPMENT_TEAM = 33BJ727SMS;
				ENABLE_NS_ASSERTIONS = NO;
				ENABLE_STRICT_OBJC_MSGSEND = YES;
				ENABLE_USER_SCRIPT_SANDBOXING = YES;
				GCC_C_LANGUAGE_STANDARD = gnu17;
				GCC_NO_COMMON_BLOCKS = YES;
				GCC_WARN_64_TO_32_BIT_CONVERSION = YES;
				GCC_WARN_ABOUT_RETURN_TYPE = YES_ERROR;
				GCC_WARN_UNDECLARED_SELECTOR = YES;
				GCC_WARN_UNINITIALIZED_AUTOS = YES_AGGRESSIVE;
				GCC_WARN_UNUSED_FUNCTION = YES;
				GCC_WARN_UNUSED_VARIABLE = YES;
				IPHONEOS_DEPLOYMENT_TARGET = 18.4;
				LOCALIZATION_PREFERS_STRING_CATALOGS = YES;
				MTL_ENABLE_DEBUG_INFO = NO;
				MTL_FAST_MATH = YES;
				SDKROOT = iphoneos;
				SWIFT_COMPILATION_MODE = wholemodule;
				VALIDATE_PRODUCT = YES;
			};
			name = Release;
		};
		C1C1CA742E2AD6BE0023F149 /* Debug */ = {
			isa = XCBuildConfiguration;
			buildSettings = {
				ASSETCATALOG_COMPILER_APPICON_NAME = AppIcon;
				ASSETCATALOG_COMPILER_GLOBAL_ACCENT_COLOR_NAME = AccentColor;
				CODE_SIGN_STYLE = Automatic;
				CURRENT_PROJECT_VERSION = 1;
				DEVELOPMENT_TEAM = 33BJ727SMS;
				ENABLE_PREVIEWS = YES;
				EXCLUDED_ARCHS = x86_64;
				FRAMEWORK_SEARCH_PATHS = (
					"$(inherited)",
					"$(PROJECT_DIR)/TruKYCDemo/Frameworks",
				);
				GENERATE_INFOPLIST_FILE = YES;
				INFOPLIST_FILE = TruKYCDemo/Info.plist;
				INFOPLIST_KEY_CFBundleDisplayName = TruKYCDemo;
				INFOPLIST_KEY_LSApplicationCategoryType = "public.app-category.business";
				INFOPLIST_KEY_NSCameraUsageDescription = "The camera is required for selfie liveness and ID scan in KYC verification.";
				INFOPLIST_KEY_UIApplicationSceneManifest_Generation = YES;
				INFOPLIST_KEY_UIApplicationSupportsIndirectInputEvents = YES;
				INFOPLIST_KEY_UILaunchScreen_Generation = YES;
				INFOPLIST_KEY_UISupportedInterfaceOrientations_iPad = "UIInterfaceOrientationPortrait UIInterfaceOrientationPortraitUpsideDown UIInterfaceOrientationLandscapeLeft UIInterfaceOrientationLandscapeRight";
				INFOPLIST_KEY_UISupportedInterfaceOrientations_iPhone = "UIInterfaceOrientationPortrait UIInterfaceOrientationLandscapeLeft UIInterfaceOrientationLandscapeRight";
				LD_RUNPATH_SEARCH_PATHS = (
					"$(inherited)",
					"@executable_path/Frameworks",
				);
				MARKETING_VERSION = 1.0;
				PRODUCT_BUNDLE_IDENTIFIER = com.yella.TruKYCDemo;
				PRODUCT_NAME = "$(TARGET_NAME)";
				SWIFT_EMIT_LOC_STRINGS = YES;
				SWIFT_VERSION = 5.0;
				TARGETED_DEVICE_FAMILY = "1,2";
			};
			name = Debug;
		};
		C1C1CA752E2AD6BE0023F149 /* Release */ = {
			isa = XCBuildConfiguration;
			buildSettings = {
				ASSETCATALOG_COMPILER_APPICON_NAME = AppIcon;
				ASSETCATALOG_COMPILER_GLOBAL_ACCENT_COLOR_NAME = AccentColor;
				CODE_SIGN_STYLE = Automatic;
				CURRENT_PROJECT_VERSION = 1;
				DEVELOPMENT_TEAM = 33BJ727SMS;
				ENABLE_PREVIEWS = YES;
				EXCLUDED_ARCHS = "";
				"EXCLUDED_ARCHS[sdk=*]" = x86_64;
				FRAMEWORK_SEARCH_PATHS = (
					"$(inherited)",
					"$(PROJECT_DIR)/TruKYCDemo/Frameworks",
				);
				GENERATE_INFOPLIST_FILE = YES;
				INFOPLIST_FILE = TruKYCDemo/Info.plist;
				INFOPLIST_KEY_CFBundleDisplayName = TruKYCDemo;
				INFOPLIST_KEY_LSApplicationCategoryType = "public.app-category.business";
				INFOPLIST_KEY_NSCameraUsageDescription = "The camera is required for selfie liveness and ID scan in KYC verification.";
				INFOPLIST_KEY_UIApplicationSceneManifest_Generation = YES;
				INFOPLIST_KEY_UIApplicationSupportsIndirectInputEvents = YES;
				INFOPLIST_KEY_UILaunchScreen_Generation = YES;
				INFOPLIST_KEY_UISupportedInterfaceOrientations_iPad = "UIInterfaceOrientationPortrait UIInterfaceOrientationPortraitUpsideDown UIInterfaceOrientationLandscapeLeft UIInterfaceOrientationLandscapeRight";
				INFOPLIST_KEY_UISupportedInterfaceOrientations_iPhone = "UIInterfaceOrientationPortrait UIInterfaceOrientationLandscapeLeft UIInterfaceOrientationLandscapeRight";
				LD_RUNPATH_SEARCH_PATHS = (
					"$(inherited)",
					"@executable_path/Frameworks",
				);
				MARKETING_VERSION = 1.0;
				PRODUCT_BUNDLE_IDENTIFIER = com.yella.TruKYCDemo;
				PRODUCT_NAME = "$(TARGET_NAME)";
				SWIFT_EMIT_LOC_STRINGS = YES;
				SWIFT_VERSION = 5.0;
				TARGETED_DEVICE_FAMILY = "1,2";
			};
			name = Release;
		};
		C1E41A9C2E2F04F300659C8C /* Debug */ = {
			isa = XCBuildConfiguration;
			buildSettings = {
				ASSETCATALOG_COMPILER_APPICON_NAME = AppIcon;
				ASSETCATALOG_COMPILER_GLOBAL_ACCENT_COLOR_NAME = AccentColor;
				CODE_SIGN_STYLE = Automatic;
				CURRENT_PROJECT_VERSION = 1;
				DEVELOPMENT_TEAM = 33BJ727SMS;
				ENABLE_PREVIEWS = YES;
				FRAMEWORK_SEARCH_PATHS = (
					"$(inherited)",
					"$(PROJECT_DIR)/TruKYCOkta/Frameworks",
				);
				GENERATE_INFOPLIST_FILE = YES;
				INFOPLIST_KEY_UIApplicationSceneManifest_Generation = YES;
				INFOPLIST_KEY_UIApplicationSupportsIndirectInputEvents = YES;
				INFOPLIST_KEY_UILaunchScreen_Generation = YES;
				INFOPLIST_KEY_UISupportedInterfaceOrientations_iPad = "UIInterfaceOrientationPortrait UIInterfaceOrientationPortraitUpsideDown UIInterfaceOrientationLandscapeLeft UIInterfaceOrientationLandscapeRight";
				INFOPLIST_KEY_UISupportedInterfaceOrientations_iPhone = "UIInterfaceOrientationPortrait UIInterfaceOrientationLandscapeLeft UIInterfaceOrientationLandscapeRight";
				LD_RUNPATH_SEARCH_PATHS = (
					"$(inherited)",
					"@executable_path/Frameworks",
				);
				MARKETING_VERSION = 1.0;
				PRODUCT_BUNDLE_IDENTIFIER = com.yella.TruKYCOkta;
				PRODUCT_NAME = "$(TARGET_NAME)";
				SWIFT_EMIT_LOC_STRINGS = YES;
				SWIFT_INCLUDE_PATHS = "";
				SWIFT_VERSION = 5.0;
				TARGETED_DEVICE_FAMILY = "1,2";
			};
			name = Debug;
		};
		C1E41A9D2E2F04F300659C8C /* Release */ = {
			isa = XCBuildConfiguration;
			buildSettings = {
				ASSETCATALOG_COMPILER_APPICON_NAME = AppIcon;
				ASSETCATALOG_COMPILER_GLOBAL_ACCENT_COLOR_NAME = AccentColor;
				CODE_SIGN_STYLE = Automatic;
				CURRENT_PROJECT_VERSION = 1;
				DEVELOPMENT_TEAM = 33BJ727SMS;
				ENABLE_PREVIEWS = YES;
				FRAMEWORK_SEARCH_PATHS = (
					"$(inherited)",
					"$(PROJECT_DIR)/TruKYCOkta/Frameworks",
				);
				GENERATE_INFOPLIST_FILE = YES;
				INFOPLIST_KEY_UIApplicationSceneManifest_Generation = YES;
				INFOPLIST_KEY_UIApplicationSupportsIndirectInputEvents = YES;
				INFOPLIST_KEY_UILaunchScreen_Generation = YES;
				INFOPLIST_KEY_UISupportedInterfaceOrientations_iPad = "UIInterfaceOrientationPortrait UIInterfaceOrientationPortraitUpsideDown UIInterfaceOrientationLandscapeLeft UIInterfaceOrientationLandscapeRight";
				INFOPLIST_KEY_UISupportedInterfaceOrientations_iPhone = "UIInterfaceOrientationPortrait UIInterfaceOrientationLandscapeLeft UIInterfaceOrientationLandscapeRight";
				LD_RUNPATH_SEARCH_PATHS = (
					"$(inherited)",
					"@executable_path/Frameworks",
				);
				MARKETING_VERSION = 1.0;
				PRODUCT_BUNDLE_IDENTIFIER = com.yella.TruKYCOkta;
				PRODUCT_NAME = "$(TARGET_NAME)";
				SWIFT_EMIT_LOC_STRINGS = YES;
				SWIFT_INCLUDE_PATHS = "";
				SWIFT_VERSION = 5.0;
				TARGETED_DEVICE_FAMILY = "1,2";
			};
			name = Release;
		};
/* End XCBuildConfiguration section */

/* Begin XCConfigurationList section */
		C1C1CA632E2AD6BB0023F149 /* Build configuration list for PBXProject "TruKYCDemo" */ = {
			isa = XCConfigurationList;
			buildConfigurations = (
				C1C1CA712E2AD6BE0023F149 /* Debug */,
				C1C1CA722E2AD6BE0023F149 /* Release */,
			);
			defaultConfigurationIsVisible = 0;
			defaultConfigurationName = Release;
		};
		C1C1CA732E2AD6BE0023F149 /* Build configuration list for PBXNativeTarget "TruKYCDemo" */ = {
			isa = XCConfigurationList;
			buildConfigurations = (
				C1C1CA742E2AD6BE0023F149 /* Debug */,
				C1C1CA752E2AD6BE0023F149 /* Release */,
			);
			defaultConfigurationIsVisible = 0;
			defaultConfigurationName = Release;
		};
		C1E41A9E2E2F04F300659C8C /* Build configuration list for PBXNativeTarget "TruKYCOkta" */ = {
			isa = XCConfigurationList;
			buildConfigurations = (
				C1E41A9C2E2F04F300659C8C /* Debug */,
				C1E41A9D2E2F04F300659C8C /* Release */,
			);
			defaultConfigurationIsVisible = 0;
			defaultConfigurationName = Release;
		};
/* End XCConfigurationList section */

/* Begin XCRemoteSwiftPackageReference section */
		C1E41AFF2E2FE01900659C8C /* XCRemoteSwiftPackageReference "okta-mobile-swift" */ = {
			isa = XCRemoteSwiftPackageReference;
			repositoryURL = "https://github.com/okta/okta-mobile-swift";
			requirement = {
				kind = upToNextMajorVersion;
				minimumVersion = 2.1.0;
			};
		};
		C1E41B0D2E30153500659C8C /* XCRemoteSwiftPackageReference "Lumina" */ = {
			isa = XCRemoteSwiftPackageReference;
			repositoryURL = "https://github.com/dokun1/Lumina.git";
			requirement = {
				kind = upToNextMajorVersion;
				minimumVersion = 1.6.2;
			};
		};
/* End XCRemoteSwiftPackageReference section */

/* Begin XCSwiftPackageProductDependency section */
		C1E41B002E2FE01900659C8C /* AuthFoundation */ = {
			isa = XCSwiftPackageProductDependency;
			package = C1E41AFF2E2FE01900659C8C /* XCRemoteSwiftPackageReference "okta-mobile-swift" */;
			productName = AuthFoundation;
		};
		C1E41B022E2FE01900659C8C /* BrowserSignin */ = {
			isa = XCSwiftPackageProductDependency;
			package = C1E41AFF2E2FE01900659C8C /* XCRemoteSwiftPackageReference "okta-mobile-swift" */;
			productName = BrowserSignin;
		};
		C1E41B042E2FE01900659C8C /* OAuth2Auth */ = {
			isa = XCSwiftPackageProductDependency;
			package = C1E41AFF2E2FE01900659C8C /* XCRemoteSwiftPackageReference "okta-mobile-swift" */;
			productName = OAuth2Auth;
		};
		C1E41B062E2FE01900659C8C /* OktaDirectAuth */ = {
			isa = XCSwiftPackageProductDependency;
			package = C1E41AFF2E2FE01900659C8C /* XCRemoteSwiftPackageReference "okta-mobile-swift" */;
			productName = OktaDirectAuth;
		};
		C1E41B082E2FE01900659C8C /* OktaIdxAuth */ = {
			isa = XCSwiftPackageProductDependency;
			package = C1E41AFF2E2FE01900659C8C /* XCRemoteSwiftPackageReference "okta-mobile-swift" */;
			productName = OktaIdxAuth;
		};
		C1E41B0E2E30153500659C8C /* Lumina */ = {
			isa = XCSwiftPackageProductDependency;
			package = C1E41B0D2E30153500659C8C /* XCRemoteSwiftPackageReference "Lumina" */;
			productName = Lumina;
		};
		C1E41B122E3026E900659C8C /* Lumina */ = {
			isa = XCSwiftPackageProductDependency;
			package = C1E41B0D2E30153500659C8C /* XCRemoteSwiftPackageReference "Lumina" */;
			productName = Lumina;
		};
/* End XCSwiftPackageProductDependency section */
	};
	rootObject = C1C1CA602E2AD6BB0023F149 /* Project object */;
}
